// !$*UTF8*$!
{
	archiveVersion = 1;
	classes = {
	};
	objectVersion = 46;
	objects = {

/* Begin PBXBuildFile section */
		A94155DD1C8BC1BE00D2162E /* Locations.m in Sources */ = {isa = PBXBuildFile; fileRef = A94155DC1C8BC1BD00D2162E /* Locations.m */; };
		A94155E01C8CB75000D2162E /* CoreGraphics.framework in Frameworks */ = {isa = PBXBuildFile; fileRef = A94155DF1C8CB75000D2162E /* CoreGraphics.framework */; };
		A955574F1C98B31D00FB3027 /* Calendar.m in Sources */ = {isa = PBXBuildFile; fileRef = A955574E1C98B31D00FB3027 /* Calendar.m */; };
		A9871B641C8A05D5003C8D44 /* MapView.m in Sources */ = {isa = PBXBuildFile; fileRef = A9871B631C8A05D5003C8D44 /* MapView.m */; };
		A9871B661C8A07D8003C8D44 /* MapKit.framework in Frameworks */ = {isa = PBXBuildFile; fileRef = A9871B651C8A07D8003C8D44 /* MapKit.framework */; };
		A9871B681C8A13FE003C8D44 /* CoreLocation.framework in Frameworks */ = {isa = PBXBuildFile; fileRef = A9871B671C8A13FE003C8D44 /* CoreLocation.framework */; };
		A993952F1C907BFD00A8F620 /* PointsTable.m in Sources */ = {isa = PBXBuildFile; fileRef = A993952E1C907BFC00A8F620 /* PointsTable.m */; };
		A99395321C90913000A8F620 /* Table2.m in Sources */ = {isa = PBXBuildFile; fileRef = A99395311C90913000A8F620 /* Table2.m */; };
		A99395361C90A1D200A8F620 /* InfoView.m in Sources */ = {isa = PBXBuildFile; fileRef = A99395351C90A1D200A8F620 /* InfoView.m */; };
		A99395391C91F8FB00A8F620 /* Routes.m in Sources */ = {isa = PBXBuildFile; fileRef = A99395381C91F8FB00A8F620 /* Routes.m */; };
		A993953C1C9202D400A8F620 /* CoreData.framework in Frameworks */ = {isa = PBXBuildFile; fileRef = A993953B1C9202D400A8F620 /* CoreData.framework */; };
		A9E283C71C89FDD100AB7942 /* main.m in Sources */ = {isa = PBXBuildFile; fileRef = A9E283C61C89FDD100AB7942 /* main.m */; };
		A9E283CA1C89FDD100AB7942 /* AppDelegate.m in Sources */ = {isa = PBXBuildFile; fileRef = A9E283C91C89FDD100AB7942 /* AppDelegate.m */; };
		A9E283CD1C89FDD100AB7942 /* ViewController.m in Sources */ = {isa = PBXBuildFile; fileRef = A9E283CC1C89FDD100AB7942 /* ViewController.m */; };
		A9E283D01C89FDD200AB7942 /* Main.storyboard in Resources */ = {isa = PBXBuildFile; fileRef = A9E283CE1C89FDD200AB7942 /* Main.storyboard */; };
		A9E283D21C89FDD200AB7942 /* Assets.xcassets in Resources */ = {isa = PBXBuildFile; fileRef = A9E283D11C89FDD200AB7942 /* Assets.xcassets */; };
		A9E283D51C89FDD200AB7942 /* LaunchScreen.storyboard in Resources */ = {isa = PBXBuildFile; fileRef = A9E283D31C89FDD200AB7942 /* LaunchScreen.storyboard */; };
		A9E283E01C89FDD300AB7942 /* NJPalisadesMapTests.m in Sources */ = {isa = PBXBuildFile; fileRef = A9E283DF1C89FDD300AB7942 /* NJPalisadesMapTests.m */; };
		A9E283EB1C89FDD300AB7942 /* NJPalisadesMapUITests.m in Sources */ = {isa = PBXBuildFile; fileRef = A9E283EA1C89FDD300AB7942 /* NJPalisadesMapUITests.m */; };
/* End PBXBuildFile section */

/* Begin PBXContainerItemProxy section */
		A9E283DC1C89FDD300AB7942 /* PBXContainerItemProxy */ = {
			isa = PBXContainerItemProxy;
			containerPortal = A9E283BA1C89FDCF00AB7942 /* Project object */;
			proxyType = 1;
			remoteGlobalIDString = A9E283C11C89FDD000AB7942;
			remoteInfo = NJPalisadesMap;
		};
		A9E283E71C89FDD300AB7942 /* PBXContainerItemProxy */ = {
			isa = PBXContainerItemProxy;
			containerPortal = A9E283BA1C89FDCF00AB7942 /* Project object */;
			proxyType = 1;
			remoteGlobalIDString = A9E283C11C89FDD000AB7942;
			remoteInfo = NJPalisadesMap;
		};
/* End PBXContainerItemProxy section */

/* Begin PBXFileReference section */
		A94155DC1C8BC1BD00D2162E /* Locations.m */ = {isa = PBXFileReference; fileEncoding = 4; lastKnownFileType = sourcecode.c.objc; path = Locations.m; sourceTree = "<group>"; };
		A94155DE1C8BC1D500D2162E /* Locations.h */ = {isa = PBXFileReference; lastKnownFileType = sourcecode.c.h; path = Locations.h; sourceTree = "<group>"; };
		A94155DF1C8CB75000D2162E /* CoreGraphics.framework */ = {isa = PBXFileReference; lastKnownFileType = wrapper.framework; name = CoreGraphics.framework; path = System/Library/Frameworks/CoreGraphics.framework; sourceTree = SDKROOT; };
		A955574E1C98B31D00FB3027 /* Calendar.m */ = {isa = PBXFileReference; fileEncoding = 4; lastKnownFileType = sourcecode.c.objc; path = Calendar.m; sourceTree = "<group>"; };
		A95557501C98B80B00FB3027 /* Calendar.h */ = {isa = PBXFileReference; lastKnownFileType = sourcecode.c.h; path = Calendar.h; sourceTree = "<group>"; };
		A9871B631C8A05D5003C8D44 /* MapView.m */ = {isa = PBXFileReference; fileEncoding = 4; lastKnownFileType = sourcecode.c.objc; path = MapView.m; sourceTree = "<group>"; };
		A9871B651C8A07D8003C8D44 /* MapKit.framework */ = {isa = PBXFileReference; lastKnownFileType = wrapper.framework; name = MapKit.framework; path = System/Library/Frameworks/MapKit.framework; sourceTree = SDKROOT; };
		A9871B671C8A13FE003C8D44 /* CoreLocation.framework */ = {isa = PBXFileReference; lastKnownFileType = wrapper.framework; name = CoreLocation.framework; path = System/Library/Frameworks/CoreLocation.framework; sourceTree = SDKROOT; };
		A993952E1C907BFC00A8F620 /* PointsTable.m */ = {isa = PBXFileReference; fileEncoding = 4; lastKnownFileType = sourcecode.c.objc; path = PointsTable.m; sourceTree = "<group>"; };
		A99395301C907C1300A8F620 /* PointsTable.h */ = {isa = PBXFileReference; lastKnownFileType = sourcecode.c.h; path = PointsTable.h; sourceTree = "<group>"; };
		A99395311C90913000A8F620 /* Table2.m */ = {isa = PBXFileReference; fileEncoding = 4; lastKnownFileType = sourcecode.c.objc; path = Table2.m; sourceTree = "<group>"; };
		A99395341C90919900A8F620 /* Table2.h */ = {isa = PBXFileReference; lastKnownFileType = sourcecode.c.h; name = Table2.h; path = ../Table2.h; sourceTree = "<group>"; };
		A99395351C90A1D200A8F620 /* InfoView.m */ = {isa = PBXFileReference; fileEncoding = 4; lastKnownFileType = sourcecode.c.objc; path = InfoView.m; sourceTree = "<group>"; };
		A99395371C90A1E700A8F620 /* InfoView.h */ = {isa = PBXFileReference; lastKnownFileType = sourcecode.c.h; path = InfoView.h; sourceTree = "<group>"; };
		A99395381C91F8FB00A8F620 /* Routes.m */ = {isa = PBXFileReference; fileEncoding = 4; lastKnownFileType = sourcecode.c.objc; path = Routes.m; sourceTree = "<group>"; };
		A993953A1C91F90C00A8F620 /* Routes.h */ = {isa = PBXFileReference; lastKnownFileType = sourcecode.c.h; path = Routes.h; sourceTree = "<group>"; };
		A993953B1C9202D400A8F620 /* CoreData.framework */ = {isa = PBXFileReference; lastKnownFileType = wrapper.framework; name = CoreData.framework; path = System/Library/Frameworks/CoreData.framework; sourceTree = SDKROOT; };
		A9E283C21C89FDD000AB7942 /* NJPalisadesMap.app */ = {isa = PBXFileReference; explicitFileType = wrapper.application; includeInIndex = 0; path = NJPalisadesMap.app; sourceTree = BUILT_PRODUCTS_DIR; };
		A9E283C61C89FDD100AB7942 /* main.m */ = {isa = PBXFileReference; lastKnownFileType = sourcecode.c.objc; path = main.m; sourceTree = "<group>"; };
		A9E283C81C89FDD100AB7942 /* AppDelegate.h */ = {isa = PBXFileReference; lastKnownFileType = sourcecode.c.h; path = AppDelegate.h; sourceTree = "<group>"; };
		A9E283C91C89FDD100AB7942 /* AppDelegate.m */ = {isa = PBXFileReference; lastKnownFileType = sourcecode.c.objc; path = AppDelegate.m; sourceTree = "<group>"; };
		A9E283CB1C89FDD100AB7942 /* ViewController.h */ = {isa = PBXFileReference; lastKnownFileType = sourcecode.c.h; path = ViewController.h; sourceTree = "<group>"; };
		A9E283CC1C89FDD100AB7942 /* ViewController.m */ = {isa = PBXFileReference; lastKnownFileType = sourcecode.c.objc; path = ViewController.m; sourceTree = "<group>"; };
		A9E283CF1C89FDD200AB7942 /* Base */ = {isa = PBXFileReference; lastKnownFileType = file.storyboard; name = Base; path = Base.lproj/Main.storyboard; sourceTree = "<group>"; };
		A9E283D11C89FDD200AB7942 /* Assets.xcassets */ = {isa = PBXFileReference; lastKnownFileType = folder.assetcatalog; path = Assets.xcassets; sourceTree = "<group>"; };
		A9E283D41C89FDD200AB7942 /* Base */ = {isa = PBXFileReference; lastKnownFileType = file.storyboard; name = Base; path = Base.lproj/LaunchScreen.storyboard; sourceTree = "<group>"; };
		A9E283D61C89FDD200AB7942 /* Info.plist */ = {isa = PBXFileReference; lastKnownFileType = text.plist.xml; path = Info.plist; sourceTree = "<group>"; };
		A9E283DB1C89FDD300AB7942 /* NJPalisadesMapTests.xctest */ = {isa = PBXFileReference; explicitFileType = wrapper.cfbundle; includeInIndex = 0; path = NJPalisadesMapTests.xctest; sourceTree = BUILT_PRODUCTS_DIR; };
		A9E283DF1C89FDD300AB7942 /* NJPalisadesMapTests.m */ = {isa = PBXFileReference; lastKnownFileType = sourcecode.c.objc; path = NJPalisadesMapTests.m; sourceTree = "<group>"; };
		A9E283E11C89FDD300AB7942 /* Info.plist */ = {isa = PBXFileReference; lastKnownFileType = text.plist.xml; path = Info.plist; sourceTree = "<group>"; };
		A9E283E61C89FDD300AB7942 /* NJPalisadesMapUITests.xctest */ = {isa = PBXFileReference; explicitFileType = wrapper.cfbundle; includeInIndex = 0; path = NJPalisadesMapUITests.xctest; sourceTree = BUILT_PRODUCTS_DIR; };
		A9E283EA1C89FDD300AB7942 /* NJPalisadesMapUITests.m */ = {isa = PBXFileReference; lastKnownFileType = sourcecode.c.objc; path = NJPalisadesMapUITests.m; sourceTree = "<group>"; };
		A9E283EC1C89FDD300AB7942 /* Info.plist */ = {isa = PBXFileReference; lastKnownFileType = text.plist.xml; path = Info.plist; sourceTree = "<group>"; };
		A9EC04551C8A050E008EE0F6 /* MapView.h */ = {isa = PBXFileReference; lastKnownFileType = sourcecode.c.h; path = MapView.h; sourceTree = "<group>"; };
/* End PBXFileReference section */

/* Begin PBXFrameworksBuildPhase section */
		A9E283BF1C89FDD000AB7942 /* Frameworks */ = {
			isa = PBXFrameworksBuildPhase;
			buildActionMask = 2147483647;
			files = (
				A993953C1C9202D400A8F620 /* CoreData.framework in Frameworks */,
				A94155E01C8CB75000D2162E /* CoreGraphics.framework in Frameworks */,
				A9871B681C8A13FE003C8D44 /* CoreLocation.framework in Frameworks */,
				A9871B661C8A07D8003C8D44 /* MapKit.framework in Frameworks */,
			);
			runOnlyForDeploymentPostprocessing = 0;
		};
		A9E283D81C89FDD300AB7942 /* Frameworks */ = {
			isa = PBXFrameworksBuildPhase;
			buildActionMask = 2147483647;
			files = (
			);
			runOnlyForDeploymentPostprocessing = 0;
		};
		A9E283E31C89FDD300AB7942 /* Frameworks */ = {
			isa = PBXFrameworksBuildPhase;
			buildActionMask = 2147483647;
			files = (
			);
			runOnlyForDeploymentPostprocessing = 0;
		};
/* End PBXFrameworksBuildPhase section */

/* Begin PBXGroup section */
		A9E283B91C89FDCF00AB7942 = {
			isa = PBXGroup;
			children = (
				A993953B1C9202D400A8F620 /* CoreData.framework */,
				A94155DF1C8CB75000D2162E /* CoreGraphics.framework */,
				A9871B671C8A13FE003C8D44 /* CoreLocation.framework */,
				A9871B651C8A07D8003C8D44 /* MapKit.framework */,
				A9E283C41C89FDD000AB7942 /* NJPalisadesMap */,
				A9E283DE1C89FDD300AB7942 /* NJPalisadesMapTests */,
				A9E283E91C89FDD300AB7942 /* NJPalisadesMapUITests */,
				A9E283C31C89FDD000AB7942 /* Products */,
			);
			sourceTree = "<group>";
		};
		A9E283C31C89FDD000AB7942 /* Products */ = {
			isa = PBXGroup;
			children = (
				A9E283C21C89FDD000AB7942 /* NJPalisadesMap.app */,
				A9E283DB1C89FDD300AB7942 /* NJPalisadesMapTests.xctest */,
				A9E283E61C89FDD300AB7942 /* NJPalisadesMapUITests.xctest */,
			);
			name = Products;
			sourceTree = "<group>";
		};
		A9E283C41C89FDD000AB7942 /* NJPalisadesMap */ = {
			isa = PBXGroup;
			children = (
				A993953A1C91F90C00A8F620 /* Routes.h */,
				A99395381C91F8FB00A8F620 /* Routes.m */,
				A9E283C81C89FDD100AB7942 /* AppDelegate.h */,
				A9E283C91C89FDD100AB7942 /* AppDelegate.m */,
				A9E283CB1C89FDD100AB7942 /* ViewController.h */,
				A9E283CC1C89FDD100AB7942 /* ViewController.m */,
				A9EC04551C8A050E008EE0F6 /* MapView.h */,
				A9871B631C8A05D5003C8D44 /* MapView.m */,
				A94155DE1C8BC1D500D2162E /* Locations.h */,
				A94155DC1C8BC1BD00D2162E /* Locations.m */,
				A99395301C907C1300A8F620 /* PointsTable.h */,
				A993952E1C907BFC00A8F620 /* PointsTable.m */,
				A99395341C90919900A8F620 /* Table2.h */,
				A99395311C90913000A8F620 /* Table2.m */,
				A99395371C90A1E700A8F620 /* InfoView.h */,
				A99395351C90A1D200A8F620 /* InfoView.m */,
				A95557501C98B80B00FB3027 /* Calendar.h */,
				A955574E1C98B31D00FB3027 /* Calendar.m */,
				A9E283CE1C89FDD200AB7942 /* Main.storyboard */,
				A9E283D11C89FDD200AB7942 /* Assets.xcassets */,
				A9E283D31C89FDD200AB7942 /* LaunchScreen.storyboard */,
				A9E283D61C89FDD200AB7942 /* Info.plist */,
				A9E283C51C89FDD000AB7942 /* Supporting Files */,
			);
			path = NJPalisadesMap;
			sourceTree = "<group>";
		};
		A9E283C51C89FDD000AB7942 /* Supporting Files */ = {
			isa = PBXGroup;
			children = (
				A9E283C61C89FDD100AB7942 /* main.m */,
			);
			name = "Supporting Files";
			sourceTree = "<group>";
		};
		A9E283DE1C89FDD300AB7942 /* NJPalisadesMapTests */ = {
			isa = PBXGroup;
			children = (
				A9E283DF1C89FDD300AB7942 /* NJPalisadesMapTests.m */,
				A9E283E11C89FDD300AB7942 /* Info.plist */,
			);
			path = NJPalisadesMapTests;
			sourceTree = "<group>";
		};
		A9E283E91C89FDD300AB7942 /* NJPalisadesMapUITests */ = {
			isa = PBXGroup;
			children = (
				A9E283EA1C89FDD300AB7942 /* NJPalisadesMapUITests.m */,
				A9E283EC1C89FDD300AB7942 /* Info.plist */,
			);
			path = NJPalisadesMapUITests;
			sourceTree = "<group>";
		};
/* End PBXGroup section */

/* Begin PBXNativeTarget section */
		A9E283C11C89FDD000AB7942 /* NJPalisadesMap */ = {
			isa = PBXNativeTarget;
			buildConfigurationList = A9E283EF1C89FDD300AB7942 /* Build configuration list for PBXNativeTarget "NJPalisadesMap" */;
			buildPhases = (
				A9E283BE1C89FDD000AB7942 /* Sources */,
				A9E283BF1C89FDD000AB7942 /* Frameworks */,
				A9E283C01C89FDD000AB7942 /* Resources */,
			);
			buildRules = (
			);
			dependencies = (
			);
			name = NJPalisadesMap;
			productName = NJPalisadesMap;
			productReference = A9E283C21C89FDD000AB7942 /* NJPalisadesMap.app */;
			productType = "com.apple.product-type.application";
		};
		A9E283DA1C89FDD300AB7942 /* NJPalisadesMapTests */ = {
			isa = PBXNativeTarget;
			buildConfigurationList = A9E283F21C89FDD300AB7942 /* Build configuration list for PBXNativeTarget "NJPalisadesMapTests" */;
			buildPhases = (
				A9E283D71C89FDD300AB7942 /* Sources */,
				A9E283D81C89FDD300AB7942 /* Frameworks */,
				A9E283D91C89FDD300AB7942 /* Resources */,
			);
			buildRules = (
			);
			dependencies = (
				A9E283DD1C89FDD300AB7942 /* PBXTargetDependency */,
			);
			name = NJPalisadesMapTests;
			productName = NJPalisadesMapTests;
			productReference = A9E283DB1C89FDD300AB7942 /* NJPalisadesMapTests.xctest */;
			productType = "com.apple.product-type.bundle.unit-test";
		};
		A9E283E51C89FDD300AB7942 /* NJPalisadesMapUITests */ = {
			isa = PBXNativeTarget;
			buildConfigurationList = A9E283F51C89FDD300AB7942 /* Build configuration list for PBXNativeTarget "NJPalisadesMapUITests" */;
			buildPhases = (
				A9E283E21C89FDD300AB7942 /* Sources */,
				A9E283E31C89FDD300AB7942 /* Frameworks */,
				A9E283E41C89FDD300AB7942 /* Resources */,
			);
			buildRules = (
			);
			dependencies = (
				A9E283E81C89FDD300AB7942 /* PBXTargetDependency */,
			);
			name = NJPalisadesMapUITests;
			productName = NJPalisadesMapUITests;
			productReference = A9E283E61C89FDD300AB7942 /* NJPalisadesMapUITests.xctest */;
			productType = "com.apple.product-type.bundle.ui-testing";
		};
/* End PBXNativeTarget section */

/* Begin PBXProject section */
		A9E283BA1C89FDCF00AB7942 /* Project object */ = {
			isa = PBXProject;
			attributes = {
				LastUpgradeCheck = 0720;
				ORGANIZATIONNAME = "Sean Donato";
				TargetAttributes = {
					A9E283C11C89FDD000AB7942 = {
						CreatedOnToolsVersion = 7.2.1;
					};
					A9E283DA1C89FDD300AB7942 = {
						CreatedOnToolsVersion = 7.2.1;
						TestTargetID = A9E283C11C89FDD000AB7942;
					};
					A9E283E51C89FDD300AB7942 = {
						CreatedOnToolsVersion = 7.2.1;
						TestTargetID = A9E283C11C89FDD000AB7942;
					};
				};
			};
			buildConfigurationList = A9E283BD1C89FDCF00AB7942 /* Build configuration list for PBXProject "NJPalisadesMap" */;
			compatibilityVersion = "Xcode 3.2";
			developmentRegion = English;
			hasScannedForEncodings = 0;
			knownRegions = (
				en,
				Base,
			);
			mainGroup = A9E283B91C89FDCF00AB7942;
			productRefGroup = A9E283C31C89FDD000AB7942 /* Products */;
			projectDirPath = "";
			projectRoot = "";
			targets = (
				A9E283C11C89FDD000AB7942 /* NJPalisadesMap */,
				A9E283DA1C89FDD300AB7942 /* NJPalisadesMapTests */,
				A9E283E51C89FDD300AB7942 /* NJPalisadesMapUITests */,
			);
		};
/* End PBXProject section */

/* Begin PBXResourcesBuildPhase section */
		A9E283C01C89FDD000AB7942 /* Resources */ = {
			isa = PBXResourcesBuildPhase;
			buildActionMask = 2147483647;
			files = (
				A9E283D51C89FDD200AB7942 /* LaunchScreen.storyboard in Resources */,
				A9E283D21C89FDD200AB7942 /* Assets.xcassets in Resources */,
				A9E283D01C89FDD200AB7942 /* Main.storyboard in Resources */,
			);
			runOnlyForDeploymentPostprocessing = 0;
		};
		A9E283D91C89FDD300AB7942 /* Resources */ = {
			isa = PBXResourcesBuildPhase;
			buildActionMask = 2147483647;
			files = (
			);
			runOnlyForDeploymentPostprocessing = 0;
		};
		A9E283E41C89FDD300AB7942 /* Resources */ = {
			isa = PBXResourcesBuildPhase;
			buildActionMask = 2147483647;
			files = (
			);
			runOnlyForDeploymentPostprocessing = 0;
		};
/* End PBXResourcesBuildPhase section */

/* Begin PBXSourcesBuildPhase section */
		A9E283BE1C89FDD000AB7942 /* Sources */ = {
			isa = PBXSourcesBuildPhase;
			buildActionMask = 2147483647;
			files = (
				A9E283CD1C89FDD100AB7942 /* ViewController.m in Sources */,
				A993952F1C907BFD00A8F620 /* PointsTable.m in Sources */,
				A94155DD1C8BC1BE00D2162E /* Locations.m in Sources */,
				A9871B641C8A05D5003C8D44 /* MapView.m in Sources */,
				A99395361C90A1D200A8F620 /* InfoView.m in Sources */,
				A9E283CA1C89FDD100AB7942 /* AppDelegate.m in Sources */,
				A99395391C91F8FB00A8F620 /* Routes.m in Sources */,
				A955574F1C98B31D00FB3027 /* Calendar.m in Sources */,
				A9E283C71C89FDD100AB7942 /* main.m in Sources */,
				A99395321C90913000A8F620 /* Table2.m in Sources */,
			);
			runOnlyForDeploymentPostprocessing = 0;
		};
		A9E283D71C89FDD300AB7942 /* Sources */ = {
			isa = PBXSourcesBuildPhase;
			buildActionMask = 2147483647;
			files = (
				A9E283E01C89FDD300AB7942 /* NJPalisadesMapTests.m in Sources */,
			);
			runOnlyForDeploymentPostprocessing = 0;
		};
		A9E283E21C89FDD300AB7942 /* Sources */ = {
			isa = PBXSourcesBuildPhase;
			buildActionMask = 2147483647;
			files = (
				A9E283EB1C89FDD300AB7942 /* NJPalisadesMapUITests.m in Sources */,
			);
			runOnlyForDeploymentPostprocessing = 0;
		};
/* End PBXSourcesBuildPhase section */

/* Begin PBXTargetDependency section */
		A9E283DD1C89FDD300AB7942 /* PBXTargetDependency */ = {
			isa = PBXTargetDependency;
			target = A9E283C11C89FDD000AB7942 /* NJPalisadesMap */;
			targetProxy = A9E283DC1C89FDD300AB7942 /* PBXContainerItemProxy */;
		};
		A9E283E81C89FDD300AB7942 /* PBXTargetDependency */ = {
			isa = PBXTargetDependency;
			target = A9E283C11C89FDD000AB7942 /* NJPalisadesMap */;
			targetProxy = A9E283E71C89FDD300AB7942 /* PBXContainerItemProxy */;
		};
/* End PBXTargetDependency section */

/* Begin PBXVariantGroup section */
		A9E283CE1C89FDD200AB7942 /* Main.storyboard */ = {
			isa = PBXVariantGroup;
			children = (
				A9E283CF1C89FDD200AB7942 /* Base */,
			);
			name = Main.storyboard;
			sourceTree = "<group>";
		};
		A9E283D31C89FDD200AB7942 /* LaunchScreen.storyboard */ = {
			isa = PBXVariantGroup;
			children = (
				A9E283D41C89FDD200AB7942 /* Base */,
			);
			name = LaunchScreen.storyboard;
			sourceTree = "<group>";
		};
/* End PBXVariantGroup section */

/* Begin XCBuildConfiguration section */
		A9E283ED1C89FDD300AB7942 /* Debug */ = {
			isa = XCBuildConfiguration;
			buildSettings = {
				ALWAYS_SEARCH_USER_PATHS = NO;
				CLANG_CXX_LANGUAGE_STANDARD = "gnu++0x";
				CLANG_CXX_LIBRARY = "libc++";
				CLANG_ENABLE_MODULES = YES;
				CLANG_ENABLE_OBJC_ARC = YES;
				CLANG_WARN_BOOL_CONVERSION = YES;
				CLANG_WARN_CONSTANT_CONVERSION = YES;
				CLANG_WARN_DIRECT_OBJC_ISA_USAGE = YES_ERROR;
				CLANG_WARN_EMPTY_BODY = YES;
				CLANG_WARN_ENUM_CONVERSION = YES;
				CLANG_WARN_INT_CONVERSION = YES;
				CLANG_WARN_OBJC_ROOT_CLASS = YES_ERROR;
				CLANG_WARN_UNREACHABLE_CODE = YES;
				CLANG_WARN__DUPLICATE_METHOD_MATCH = YES;
				"CODE_SIGN_IDENTITY[sdk=iphoneos*]" = "iPhone Developer";
				COPY_PHASE_STRIP = NO;
				DEBUG_INFORMATION_FORMAT = dwarf;
				ENABLE_STRICT_OBJC_MSGSEND = YES;
				ENABLE_TESTABILITY = YES;
				GCC_C_LANGUAGE_STANDARD = gnu99;
				GCC_DYNAMIC_NO_PIC = NO;
				GCC_NO_COMMON_BLOCKS = YES;
				GCC_OPTIMIZATION_LEVEL = 0;
				GCC_PREPROCESSOR_DEFINITIONS = (
					"DEBUG=1",
					"$(inherited)",
				);
				GCC_WARN_64_TO_32_BIT_CONVERSION = YES;
				GCC_WARN_ABOUT_RETURN_TYPE = YES_ERROR;
				GCC_WARN_UNDECLARED_SELECTOR = YES;
				GCC_WARN_UNINITIALIZED_AUTOS = YES_AGGRESSIVE;
				GCC_WARN_UNUSED_FUNCTION = YES;
				GCC_WARN_UNUSED_VARIABLE = YES;
				IPHONEOS_DEPLOYMENT_TARGET = 9.2;
				MTL_ENABLE_DEBUG_INFO = YES;
				ONLY_ACTIVE_ARCH = YES;
				SDKROOT = iphoneos;
				TARGETED_DEVICE_FAMILY = "1,2";
			};
			name = Debug;
		};
		A9E283EE1C89FDD300AB7942 /* Release */ = {
			isa = XCBuildConfiguration;
			buildSettings = {
				ALWAYS_SEARCH_USER_PATHS = NO;
				CLANG_CXX_LANGUAGE_STANDARD = "gnu++0x";
				CLANG_CXX_LIBRARY = "libc++";
				CLANG_ENABLE_MODULES = YES;
				CLANG_ENABLE_OBJC_ARC = YES;
				CLANG_WARN_BOOL_CONVERSION = YES;
				CLANG_WARN_CONSTANT_CONVERSION = YES;
				CLANG_WARN_DIRECT_OBJC_ISA_USAGE = YES_ERROR;
				CLANG_WARN_EMPTY_BODY = YES;
				CLANG_WARN_ENUM_CONVERSION = YES;
				CLANG_WARN_INT_CONVERSION = YES;
				CLANG_WARN_OBJC_ROOT_CLASS = YES_ERROR;
				CLANG_WARN_UNREACHABLE_CODE = YES;
				CLANG_WARN__DUPLICATE_METHOD_MATCH = YES;
				"CODE_SIGN_IDENTITY[sdk=iphoneos*]" = "iPhone Developer";
				COPY_PHASE_STRIP = NO;
				DEBUG_INFORMATION_FORMAT = "dwarf-with-dsym";
				ENABLE_NS_ASSERTIONS = NO;
				ENABLE_STRICT_OBJC_MSGSEND = YES;
				GCC_C_LANGUAGE_STANDARD = gnu99;
				GCC_NO_COMMON_BLOCKS = YES;
				GCC_WARN_64_TO_32_BIT_CONVERSION = YES;
				GCC_WARN_ABOUT_RETURN_TYPE = YES_ERROR;
				GCC_WARN_UNDECLARED_SELECTOR = YES;
				GCC_WARN_UNINITIALIZED_AUTOS = YES_AGGRESSIVE;
				GCC_WARN_UNUSED_FUNCTION = YES;
				GCC_WARN_UNUSED_VARIABLE = YES;
				IPHONEOS_DEPLOYMENT_TARGET = 9.2;
				MTL_ENABLE_DEBUG_INFO = NO;
				SDKROOT = iphoneos;
				TARGETED_DEVICE_FAMILY = "1,2";
				VALIDATE_PRODUCT = YES;
			};
			name = Release;
		};
		A9E283F01C89FDD300AB7942 /* Debug */ = {
			isa = XCBuildConfiguration;
			buildSettings = {
				ASSETCATALOG_COMPILER_APPICON_NAME = AppIcon;
				INFOPLIST_FILE = NJPalisadesMap/Info.plist;
				LD_RUNPATH_SEARCH_PATHS = "$(inherited) @executable_path/Frameworks";
				PRODUCT_BUNDLE_IDENTIFIER = SD.NJPalisadesMap;
				PRODUCT_NAME = "$(TARGET_NAME)";
			};
			name = Debug;
		};
		A9E283F11C89FDD300AB7942 /* Release */ = {
			isa = XCBuildConfiguration;
			buildSettings = {
				ASSETCATALOG_COMPILER_APPICON_NAME = AppIcon;
				INFOPLIST_FILE = NJPalisadesMap/Info.plist;
				LD_RUNPATH_SEARCH_PATHS = "$(inherited) @executable_path/Frameworks";
				PRODUCT_BUNDLE_IDENTIFIER = SD.NJPalisadesMap;
				PRODUCT_NAME = "$(TARGET_NAME)";
			};
			name = Release;
		};
		A9E283F31C89FDD300AB7942 /* Debug */ = {
			isa = XCBuildConfiguration;
			buildSettings = {
				BUNDLE_LOADER = "$(TEST_HOST)";
				INFOPLIST_FILE = NJPalisadesMapTests/Info.plist;
				LD_RUNPATH_SEARCH_PATHS = "$(inherited) @executable_path/Frameworks @loader_path/Frameworks";
				PRODUCT_BUNDLE_IDENTIFIER = SD.NJPalisadesMapTests;
				PRODUCT_NAME = "$(TARGET_NAME)";
				TEST_HOST = "$(BUILT_PRODUCTS_DIR)/NJPalisadesMap.app/NJPalisadesMap";
			};
			name = Debug;
		};
		A9E283F41C89FDD300AB7942 /* Release */ = {
			isa = XCBuildConfiguration;
			buildSettings = {
				BUNDLE_LOADER = "$(TEST_HOST)";
				INFOPLIST_FILE = NJPalisadesMapTests/Info.plist;
				LD_RUNPATH_SEARCH_PATHS = "$(inherited) @executable_path/Frameworks @loader_path/Frameworks";
				PRODUCT_BUNDLE_IDENTIFIER = SD.NJPalisadesMapTests;
				PRODUCT_NAME = "$(TARGET_NAME)";
				TEST_HOST = "$(BUILT_PRODUCTS_DIR)/NJPalisadesMap.app/NJPalisadesMap";
			};
			name = Release;
		};
		A9E283F61C89FDD300AB7942 /* Debug */ = {
			isa = XCBuildConfiguration;
			buildSettings = {
				INFOPLIST_FILE = NJPalisadesMapUITests/Info.plist;
				LD_RUNPATH_SEARCH_PATHS = "$(inherited) @executable_path/Frameworks @loader_path/Frameworks";
				PRODUCT_BUNDLE_IDENTIFIER = SD.NJPalisadesMapUITests;
				PRODUCT_NAME = "$(TARGET_NAME)";
				TEST_TARGET_NAME = NJPalisadesMap;
				USES_XCTRUNNER = YES;
			};
			name = Debug;
		};
		A9E283F71C89FDD300AB7942 /* Release */ = {
			isa = XCBuildConfiguration;
			buildSettings = {
				INFOPLIST_FILE = NJPalisadesMapUITests/Info.plist;
				LD_RUNPATH_SEARCH_PATHS = "$(inherited) @executable_path/Frameworks @loader_path/Frameworks";
				PRODUCT_BUNDLE_IDENTIFIER = SD.NJPalisadesMapUITests;
				PRODUCT_NAME = "$(TARGET_NAME)";
				TEST_TARGET_NAME = NJPalisadesMap;
				USES_XCTRUNNER = YES;
			};
			name = Release;
		};
/* End XCBuildConfiguration section */

/* Begin XCConfigurationList section */
		A9E283BD1C89FDCF00AB7942 /* Build configuration list for PBXProject "NJPalisadesMap" */ = {
			isa = XCConfigurationList;
			buildConfigurations = (
				A9E283ED1C89FDD300AB7942 /* Debug */,
				A9E283EE1C89FDD300AB7942 /* Release */,
			);
			defaultConfigurationIsVisible = 0;
			defaultConfigurationName = Release;
		};
		A9E283EF1C89FDD300AB7942 /* Build configuration list for PBXNativeTarget "NJPalisadesMap" */ = {
			isa = XCConfigurationList;
			buildConfigurations = (
				A9E283F01C89FDD300AB7942 /* Debug */,
				A9E283F11C89FDD300AB7942 /* Release */,
			);
			defaultConfigurationIsVisible = 0;
			defaultConfigurationName = Release;
		};
		A9E283F21C89FDD300AB7942 /* Build configuration list for PBXNativeTarget "NJPalisadesMapTests" */ = {
			isa = XCConfigurationList;
			buildConfigurations = (
				A9E283F31C89FDD300AB7942 /* Debug */,
				A9E283F41C89FDD300AB7942 /* Release */,
			);
			defaultConfigurationIsVisible = 0;
			defaultConfigurationName = Release;
		};
		A9E283F51C89FDD300AB7942 /* Build configuration list for PBXNativeTarget "NJPalisadesMapUITests" */ = {
			isa = XCConfigurationList;
			buildConfigurations = (
				A9E283F61C89FDD300AB7942 /* Debug */,
				A9E283F71C89FDD300AB7942 /* Release */,
			);
			defaultConfigurationIsVisible = 0;
			defaultConfigurationName = Release;
		};
/* End XCConfigurationList section */
	};
	rootObject = A9E283BA1C89FDCF00AB7942 /* Project object */;
}
